// !$*UTF8*$!
{
	archiveVersion = 1;
	classes = {
	};
	objectVersion = 55;
	objects = {

/* Begin PBXBuildFile section */
		BC1611D4272FF6E00042A6A0 /* SharedDataManager.swift in Sources */ = {isa = PBXBuildFile; fileRef = BC1611D3272FF6E00042A6A0 /* SharedDataManager.swift */; };
		BC1611D627301D6B0042A6A0 /* CurrentApi.swift in Sources */ = {isa = PBXBuildFile; fileRef = BC1611D527301D6B0042A6A0 /* CurrentApi.swift */; };
		BC1611D827303C360042A6A0 /* WeatherModel.swift in Sources */ = {isa = PBXBuildFile; fileRef = BC1611D727303C360042A6A0 /* WeatherModel.swift */; };
		BC779E902732CFF200060279 /* WeatherTableCell.swift in Sources */ = {isa = PBXBuildFile; fileRef = BC779E8F2732CFF200060279 /* WeatherTableCell.swift */; };
		BC779E9C27354BD500060279 /* CustomCollectionView.swift in Sources */ = {isa = PBXBuildFile; fileRef = BC779E9B27354BD500060279 /* CustomCollectionView.swift */; };
		BC859623272E686E001BB9D8 /* WelcomePageVC.swift in Sources */ = {isa = PBXBuildFile; fileRef = BC859622272E686E001BB9D8 /* WelcomePageVC.swift */; };
		BC859625272E6CB9001BB9D8 /* HomeVC.swift in Sources */ = {isa = PBXBuildFile; fileRef = BC859624272E6CB9001BB9D8 /* HomeVC.swift */; };
		BC87635427368169009D5FEE /* CustomCollectionViewCell.swift in Sources */ = {isa = PBXBuildFile; fileRef = BC87635327368169009D5FEE /* CustomCollectionViewCell.swift */; };
		BCA715B4272F122B00646EA2 /* pexels-taryn-elliott-8549517.mp4 in Resources */ = {isa = PBXBuildFile; fileRef = BCA715B3272F122B00646EA2 /* pexels-taryn-elliott-8549517.mp4 */; };
		BCA715BA272F13B400646EA2 /* LocationManager.swift in Sources */ = {isa = PBXBuildFile; fileRef = BCA715B9272F13B400646EA2 /* LocationManager.swift */; };
		BCAB688F273285DB0084057F /* DailyWeatherModel.swift in Sources */ = {isa = PBXBuildFile; fileRef = BCAB688E273285DB0084057F /* DailyWeatherModel.swift */; };
		BCAB6892273286050084057F /* DailyApi.swift in Sources */ = {isa = PBXBuildFile; fileRef = BCAB6891273286050084057F /* DailyApi.swift */; };
		BCAB68942732C8480084057F /* TableWeatherModel.swift in Sources */ = {isa = PBXBuildFile; fileRef = BCAB68932732C8480084057F /* TableWeatherModel.swift */; };
		BCB6843627391EA600A38356 /* CollectionView Components Model.swift in Sources */ = {isa = PBXBuildFile; fileRef = BCB6843527391EA600A38356 /* CollectionView Components Model.swift */; };
		BCD303E8272D740F00250513 /* AppDelegate.swift in Sources */ = {isa = PBXBuildFile; fileRef = BCD303E7272D740F00250513 /* AppDelegate.swift */; };
		BCD303EA272D740F00250513 /* SceneDelegate.swift in Sources */ = {isa = PBXBuildFile; fileRef = BCD303E9272D740F00250513 /* SceneDelegate.swift */; };
		BCD303EF272D740F00250513 /* Main.storyboard in Resources */ = {isa = PBXBuildFile; fileRef = BCD303ED272D740F00250513 /* Main.storyboard */; };
		BCD303F2272D740F00250513 /* WeatherStories.xcdatamodeld in Sources */ = {isa = PBXBuildFile; fileRef = BCD303F0272D740F00250513 /* WeatherStories.xcdatamodeld */; };
		BCD303F4272D741000250513 /* Assets.xcassets in Resources */ = {isa = PBXBuildFile; fileRef = BCD303F3272D741000250513 /* Assets.xcassets */; };
		BCD303F7272D741000250513 /* LaunchScreen.storyboard in Resources */ = {isa = PBXBuildFile; fileRef = BCD303F5272D741000250513 /* LaunchScreen.storyboard */; };
/* End PBXBuildFile section */

/* Begin PBXFileReference section */
		BC1611D3272FF6E00042A6A0 /* SharedDataManager.swift */ = {isa = PBXFileReference; lastKnownFileType = sourcecode.swift; path = SharedDataManager.swift; sourceTree = "<group>"; };
		BC1611D527301D6B0042A6A0 /* CurrentApi.swift */ = {isa = PBXFileReference; lastKnownFileType = sourcecode.swift; path = CurrentApi.swift; sourceTree = "<group>"; };
		BC1611D727303C360042A6A0 /* WeatherModel.swift */ = {isa = PBXFileReference; lastKnownFileType = sourcecode.swift; path = WeatherModel.swift; sourceTree = "<group>"; };
		BC779E8F2732CFF200060279 /* WeatherTableCell.swift */ = {isa = PBXFileReference; lastKnownFileType = sourcecode.swift; name = WeatherTableCell.swift; path = WeatherStories/WeatherTableCell.swift; sourceTree = SOURCE_ROOT; };
		BC779E9B27354BD500060279 /* CustomCollectionView.swift */ = {isa = PBXFileReference; lastKnownFileType = sourcecode.swift; path = CustomCollectionView.swift; sourceTree = "<group>"; };
		BC859622272E686E001BB9D8 /* WelcomePageVC.swift */ = {isa = PBXFileReference; lastKnownFileType = sourcecode.swift; path = WelcomePageVC.swift; sourceTree = "<group>"; };
		BC859624272E6CB9001BB9D8 /* HomeVC.swift */ = {isa = PBXFileReference; lastKnownFileType = sourcecode.swift; path = HomeVC.swift; sourceTree = "<group>"; };
		BC87635327368169009D5FEE /* CustomCollectionViewCell.swift */ = {isa = PBXFileReference; lastKnownFileType = sourcecode.swift; name = CustomCollectionViewCell.swift; path = WeatherStories/CustomCollectionViewCell.swift; sourceTree = SOURCE_ROOT; };
		BCA715B3272F122B00646EA2 /* pexels-taryn-elliott-8549517.mp4 */ = {isa = PBXFileReference; lastKnownFileType = file; path = "pexels-taryn-elliott-8549517.mp4"; sourceTree = "<group>"; };
		BCA715B9272F13B400646EA2 /* LocationManager.swift */ = {isa = PBXFileReference; lastKnownFileType = sourcecode.swift; path = LocationManager.swift; sourceTree = "<group>"; };
		BCAB688E273285DB0084057F /* DailyWeatherModel.swift */ = {isa = PBXFileReference; lastKnownFileType = sourcecode.swift; path = DailyWeatherModel.swift; sourceTree = "<group>"; };
		BCAB6891273286050084057F /* DailyApi.swift */ = {isa = PBXFileReference; lastKnownFileType = sourcecode.swift; path = DailyApi.swift; sourceTree = "<group>"; };
		BCAB68932732C8480084057F /* TableWeatherModel.swift */ = {isa = PBXFileReference; lastKnownFileType = sourcecode.swift; path = TableWeatherModel.swift; sourceTree = "<group>"; };
		BCB6843527391EA600A38356 /* CollectionView Components Model.swift */ = {isa = PBXFileReference; lastKnownFileType = sourcecode.swift; path = "CollectionView Components Model.swift"; sourceTree = "<group>"; };
		BCD303E4272D740F00250513 /* WeatherStories.app */ = {isa = PBXFileReference; explicitFileType = wrapper.application; includeInIndex = 0; path = WeatherStories.app; sourceTree = BUILT_PRODUCTS_DIR; };
		BCD303E7272D740F00250513 /* AppDelegate.swift */ = {isa = PBXFileReference; lastKnownFileType = sourcecode.swift; path = AppDelegate.swift; sourceTree = "<group>"; };
		BCD303E9272D740F00250513 /* SceneDelegate.swift */ = {isa = PBXFileReference; lastKnownFileType = sourcecode.swift; path = SceneDelegate.swift; sourceTree = "<group>"; };
		BCD303EE272D740F00250513 /* Base */ = {isa = PBXFileReference; lastKnownFileType = file.storyboard; name = Base; path = Base.lproj/Main.storyboard; sourceTree = "<group>"; };
		BCD303F1272D740F00250513 /* WeatherStories.xcdatamodel */ = {isa = PBXFileReference; lastKnownFileType = wrapper.xcdatamodel; path = WeatherStories.xcdatamodel; sourceTree = "<group>"; };
		BCD303F3272D741000250513 /* Assets.xcassets */ = {isa = PBXFileReference; lastKnownFileType = folder.assetcatalog; path = Assets.xcassets; sourceTree = "<group>"; };
		BCD303F6272D741000250513 /* Base */ = {isa = PBXFileReference; lastKnownFileType = file.storyboard; name = Base; path = Base.lproj/LaunchScreen.storyboard; sourceTree = "<group>"; };
		BCD303F8272D741000250513 /* Info.plist */ = {isa = PBXFileReference; lastKnownFileType = text.plist.xml; path = Info.plist; sourceTree = "<group>"; };
/* End PBXFileReference section */

/* Begin PBXFrameworksBuildPhase section */
		BCD303E1272D740F00250513 /* Frameworks */ = {
			isa = PBXFrameworksBuildPhase;
			buildActionMask = 2147483647;
			files = (
			);
			runOnlyForDeploymentPostprocessing = 0;
		};
/* End PBXFrameworksBuildPhase section */

/* Begin PBXGroup section */
		BC779E9A27354B7B00060279 /* CollectionView */ = {
			isa = PBXGroup;
			children = (
				BC87635327368169009D5FEE /* CustomCollectionViewCell.swift */,
				BC779E9B27354BD500060279 /* CustomCollectionView.swift */,
			);
			path = CollectionView;
			sourceTree = "<group>";
		};
		BC859626272E6CC2001BB9D8 /* Controllers */ = {
			isa = PBXGroup;
			children = (
				BC779E8F2732CFF200060279 /* WeatherTableCell.swift */,
				BC859624272E6CB9001BB9D8 /* HomeVC.swift */,
				BCAB688D273285C20084057F /* weatherModel */,
				BCA715B9272F13B400646EA2 /* LocationManager.swift */,
				BCAB6890273285E60084057F /* API */,
				BC1611D3272FF6E00042A6A0 /* SharedDataManager.swift */,
				BC859622272E686E001BB9D8 /* WelcomePageVC.swift */,
			);
			path = Controllers;
			sourceTree = "<group>";
		};
		BC8763552736C6A5009D5FEE /* Delegate */ = {
			isa = PBXGroup;
			children = (
				BCD303E7272D740F00250513 /* AppDelegate.swift */,
				BCD303E9272D740F00250513 /* SceneDelegate.swift */,
			);
			path = Delegate;
			sourceTree = "<group>";
		};
		BCAB688D273285C20084057F /* weatherModel */ = {
			isa = PBXGroup;
			children = (
				BC1611D727303C360042A6A0 /* WeatherModel.swift */,
				BCAB68932732C8480084057F /* TableWeatherModel.swift */,
				BCAB688E273285DB0084057F /* DailyWeatherModel.swift */,
				BCB6843527391EA600A38356 /* CollectionView Components Model.swift */,
			);
			path = weatherModel;
			sourceTree = "<group>";
		};
		BCAB6890273285E60084057F /* API */ = {
			isa = PBXGroup;
			children = (
				BC1611D527301D6B0042A6A0 /* CurrentApi.swift */,
				BCAB6891273286050084057F /* DailyApi.swift */,
			);
			path = API;
			sourceTree = "<group>";
		};
		BCD303DB272D740F00250513 = {
			isa = PBXGroup;
			children = (
				BCD303E6272D740F00250513 /* WeatherStories */,
				BCD303E5272D740F00250513 /* Products */,
			);
			sourceTree = "<group>";
		};
		BCD303E5272D740F00250513 /* Products */ = {
			isa = PBXGroup;
			children = (
				BCD303E4272D740F00250513 /* WeatherStories.app */,
			);
			name = Products;
			sourceTree = "<group>";
		};
		BCD303E6272D740F00250513 /* WeatherStories */ = {
			isa = PBXGroup;
			children = (
				BC8763552736C6A5009D5FEE /* Delegate */,
				BCA715B3272F122B00646EA2 /* pexels-taryn-elliott-8549517.mp4 */,
				BCD303ED272D740F00250513 /* Main.storyboard */,
				BC779E9A27354B7B00060279 /* CollectionView */,
				BC859626272E6CC2001BB9D8 /* Controllers */,
				BCD303F3272D741000250513 /* Assets.xcassets */,
				BCD303F5272D741000250513 /* LaunchScreen.storyboard */,
				BCD303F8272D741000250513 /* Info.plist */,
				BCD303F0272D740F00250513 /* WeatherStories.xcdatamodeld */,
			);
			path = WeatherStories;
			sourceTree = "<group>";
		};
/* End PBXGroup section */

/* Begin PBXNativeTarget section */
		BCD303E3272D740F00250513 /* WeatherStories */ = {
			isa = PBXNativeTarget;
			buildConfigurationList = BCD303FB272D741000250513 /* Build configuration list for PBXNativeTarget "WeatherStories" */;
			buildPhases = (
				BCD303E0272D740F00250513 /* Sources */,
				BCD303E1272D740F00250513 /* Frameworks */,
				BCD303E2272D740F00250513 /* Resources */,
			);
			buildRules = (
			);
			dependencies = (
			);
			name = WeatherStories;
			productName = WeatherStories;
			productReference = BCD303E4272D740F00250513 /* WeatherStories.app */;
			productType = "com.apple.product-type.application";
		};
/* End PBXNativeTarget section */

/* Begin PBXProject section */
		BCD303DC272D740F00250513 /* Project object */ = {
			isa = PBXProject;
			attributes = {
				BuildIndependentTargetsInParallel = 1;
				LastSwiftUpdateCheck = 1310;
				LastUpgradeCheck = 1310;
				TargetAttributes = {
					BCD303E3272D740F00250513 = {
						CreatedOnToolsVersion = 13.1;
					};
				};
			};
			buildConfigurationList = BCD303DF272D740F00250513 /* Build configuration list for PBXProject "WeatherStories" */;
			compatibilityVersion = "Xcode 13.0";
			developmentRegion = en;
			hasScannedForEncodings = 0;
			knownRegions = (
				en,
				Base,
			);
			mainGroup = BCD303DB272D740F00250513;
			productRefGroup = BCD303E5272D740F00250513 /* Products */;
			projectDirPath = "";
			projectRoot = "";
			targets = (
				BCD303E3272D740F00250513 /* WeatherStories */,
			);
		};
/* End PBXProject section */

/* Begin PBXResourcesBuildPhase section */
		BCD303E2272D740F00250513 /* Resources */ = {
			isa = PBXResourcesBuildPhase;
			buildActionMask = 2147483647;
			files = (
				BCD303F7272D741000250513 /* LaunchScreen.storyboard in Resources */,
				BCD303F4272D741000250513 /* Assets.xcassets in Resources */,
				BCA715B4272F122B00646EA2 /* pexels-taryn-elliott-8549517.mp4 in Resources */,
				BCD303EF272D740F00250513 /* Main.storyboard in Resources */,
			);
			runOnlyForDeploymentPostprocessing = 0;
		};
/* End PBXResourcesBuildPhase section */

/* Begin PBXSourcesBuildPhase section */
		BCD303E0272D740F00250513 /* Sources */ = {
			isa = PBXSourcesBuildPhase;
			buildActionMask = 2147483647;
			files = (
				BC859623272E686E001BB9D8 /* WelcomePageVC.swift in Sources */,
				BC87635427368169009D5FEE /* CustomCollectionViewCell.swift in Sources */,
				BC859625272E6CB9001BB9D8 /* HomeVC.swift in Sources */,
				BCD303F2272D740F00250513 /* WeatherStories.xcdatamodeld in Sources */,
				BCA715BA272F13B400646EA2 /* LocationManager.swift in Sources */,
				BC1611D827303C360042A6A0 /* WeatherModel.swift in Sources */,
				BC779E9C27354BD500060279 /* CustomCollectionView.swift in Sources */,
				BC1611D4272FF6E00042A6A0 /* SharedDataManager.swift in Sources */,
				BCAB6892273286050084057F /* DailyApi.swift in Sources */,
				BCAB68942732C8480084057F /* TableWeatherModel.swift in Sources */,
				BC779E902732CFF200060279 /* WeatherTableCell.swift in Sources */,
				BCD303E8272D740F00250513 /* AppDelegate.swift in Sources */,
				BCAB688F273285DB0084057F /* DailyWeatherModel.swift in Sources */,
				BC1611D627301D6B0042A6A0 /* CurrentApi.swift in Sources */,
				BCB6843627391EA600A38356 /* CollectionView Components Model.swift in Sources */,
				BCD303EA272D740F00250513 /* SceneDelegate.swift in Sources */,
			);
			runOnlyForDeploymentPostprocessing = 0;
		};
/* End PBXSourcesBuildPhase section */

/* Begin PBXVariantGroup section */
		BCD303ED272D740F00250513 /* Main.storyboard */ = {
			isa = PBXVariantGroup;
			children = (
				BCD303EE272D740F00250513 /* Base */,
			);
			name = Main.storyboard;
			sourceTree = "<group>";
		};
		BCD303F5272D741000250513 /* LaunchScreen.storyboard */ = {
			isa = PBXVariantGroup;
			children = (
				BCD303F6272D741000250513 /* Base */,
			);
			name = LaunchScreen.storyboard;
			sourceTree = "<group>";
		};
/* End PBXVariantGroup section */

/* Begin XCBuildConfiguration section */
		BCD303F9272D741000250513 /* Debug */ = {
			isa = XCBuildConfiguration;
			buildSettings = {
				ALWAYS_SEARCH_USER_PATHS = NO;
				CLANG_ANALYZER_NONNULL = YES;
				CLANG_ANALYZER_NUMBER_OBJECT_CONVERSION = YES_AGGRESSIVE;
				CLANG_CXX_LANGUAGE_STANDARD = "gnu++17";
				CLANG_CXX_LIBRARY = "libc++";
				CLANG_ENABLE_MODULES = YES;
				CLANG_ENABLE_OBJC_ARC = YES;
				CLANG_ENABLE_OBJC_WEAK = YES;
				CLANG_WARN_BLOCK_CAPTURE_AUTORELEASING = YES;
				CLANG_WARN_BOOL_CONVERSION = YES;
				CLANG_WARN_COMMA = YES;
				CLANG_WARN_CONSTANT_CONVERSION = YES;
				CLANG_WARN_DEPRECATED_OBJC_IMPLEMENTATIONS = YES;
				CLANG_WARN_DIRECT_OBJC_ISA_USAGE = YES_ERROR;
				CLANG_WARN_DOCUMENTATION_COMMENTS = YES;
				CLANG_WARN_EMPTY_BODY = YES;
				CLANG_WARN_ENUM_CONVERSION = YES;
				CLANG_WARN_INFINITE_RECURSION = YES;
				CLANG_WARN_INT_CONVERSION = YES;
				CLANG_WARN_NON_LITERAL_NULL_CONVERSION = YES;
				CLANG_WARN_OBJC_IMPLICIT_RETAIN_SELF = YES;
				CLANG_WARN_OBJC_LITERAL_CONVERSION = YES;
				CLANG_WARN_OBJC_ROOT_CLASS = YES_ERROR;
				CLANG_WARN_QUOTED_INCLUDE_IN_FRAMEWORK_HEADER = YES;
				CLANG_WARN_RANGE_LOOP_ANALYSIS = YES;
				CLANG_WARN_STRICT_PROTOTYPES = YES;
				CLANG_WARN_SUSPICIOUS_MOVE = YES;
				CLANG_WARN_UNGUARDED_AVAILABILITY = YES_AGGRESSIVE;
				CLANG_WARN_UNREACHABLE_CODE = YES;
				CLANG_WARN__DUPLICATE_METHOD_MATCH = YES;
				COPY_PHASE_STRIP = NO;
				DEBUG_INFORMATION_FORMAT = dwarf;
				ENABLE_STRICT_OBJC_MSGSEND = YES;
				ENABLE_TESTABILITY = YES;
				GCC_C_LANGUAGE_STANDARD = gnu11;
				GCC_DYNAMIC_NO_PIC = NO;
				GCC_NO_COMMON_BLOCKS = YES;
				GCC_OPTIMIZATION_LEVEL = 0;
				GCC_PREPROCESSOR_DEFINITIONS = (
					"DEBUG=1",
					"$(inherited)",
				);
				GCC_WARN_64_TO_32_BIT_CONVERSION = YES;
				GCC_WARN_ABOUT_RETURN_TYPE = YES_ERROR;
				GCC_WARN_UNDECLARED_SELECTOR = YES;
				GCC_WARN_UNINITIALIZED_AUTOS = YES_AGGRESSIVE;
				GCC_WARN_UNUSED_FUNCTION = YES;
				GCC_WARN_UNUSED_VARIABLE = YES;
				IPHONEOS_DEPLOYMENT_TARGET = 15.0;
				MTL_ENABLE_DEBUG_INFO = INCLUDE_SOURCE;
				MTL_FAST_MATH = YES;
				ONLY_ACTIVE_ARCH = YES;
				SDKROOT = iphoneos;
				SWIFT_ACTIVE_COMPILATION_CONDITIONS = DEBUG;
				SWIFT_OPTIMIZATION_LEVEL = "-Onone";
			};
			name = Debug;
		};
		BCD303FA272D741000250513 /* Release */ = {
			isa = XCBuildConfiguration;
			buildSettings = {
				ALWAYS_SEARCH_USER_PATHS = NO;
				CLANG_ANALYZER_NONNULL = YES;
				CLANG_ANALYZER_NUMBER_OBJECT_CONVERSION = YES_AGGRESSIVE;
				CLANG_CXX_LANGUAGE_STANDARD = "gnu++17";
				CLANG_CXX_LIBRARY = "libc++";
				CLANG_ENABLE_MODULES = YES;
				CLANG_ENABLE_OBJC_ARC = YES;
				CLANG_ENABLE_OBJC_WEAK = YES;
				CLANG_WARN_BLOCK_CAPTURE_AUTORELEASING = YES;
				CLANG_WARN_BOOL_CONVERSION = YES;
				CLANG_WARN_COMMA = YES;
				CLANG_WARN_CONSTANT_CONVERSION = YES;
				CLANG_WARN_DEPRECATED_OBJC_IMPLEMENTATIONS = YES;
				CLANG_WARN_DIRECT_OBJC_ISA_USAGE = YES_ERROR;
				CLANG_WARN_DOCUMENTATION_COMMENTS = YES;
				CLANG_WARN_EMPTY_BODY = YES;
				CLANG_WARN_ENUM_CONVERSION = YES;
				CLANG_WARN_INFINITE_RECURSION = YES;
				CLANG_WARN_INT_CONVERSION = YES;
				CLANG_WARN_NON_LITERAL_NULL_CONVERSION = YES;
				CLANG_WARN_OBJC_IMPLICIT_RETAIN_SELF = YES;
				CLANG_WARN_OBJC_LITERAL_CONVERSION = YES;
				CLANG_WARN_OBJC_ROOT_CLASS = YES_ERROR;
				CLANG_WARN_QUOTED_INCLUDE_IN_FRAMEWORK_HEADER = YES;
				CLANG_WARN_RANGE_LOOP_ANALYSIS = YES;
				CLANG_WARN_STRICT_PROTOTYPES = YES;
				CLANG_WARN_SUSPICIOUS_MOVE = YES;
				CLANG_WARN_UNGUARDED_AVAILABILITY = YES_AGGRESSIVE;
				CLANG_WARN_UNREACHABLE_CODE = YES;
				CLANG_WARN__DUPLICATE_METHOD_MATCH = YES;
				COPY_PHASE_STRIP = NO;
				DEBUG_INFORMATION_FORMAT = "dwarf-with-dsym";
				ENABLE_NS_ASSERTIONS = NO;
				ENABLE_STRICT_OBJC_MSGSEND = YES;
				GCC_C_LANGUAGE_STANDARD = gnu11;
				GCC_NO_COMMON_BLOCKS = YES;
				GCC_WARN_64_TO_32_BIT_CONVERSION = YES;
				GCC_WARN_ABOUT_RETURN_TYPE = YES_ERROR;
				GCC_WARN_UNDECLARED_SELECTOR = YES;
				GCC_WARN_UNINITIALIZED_AUTOS = YES_AGGRESSIVE;
				GCC_WARN_UNUSED_FUNCTION = YES;
				GCC_WARN_UNUSED_VARIABLE = YES;
				IPHONEOS_DEPLOYMENT_TARGET = 15.0;
				MTL_ENABLE_DEBUG_INFO = NO;
				MTL_FAST_MATH = YES;
				SDKROOT = iphoneos;
				SWIFT_COMPILATION_MODE = wholemodule;
				SWIFT_OPTIMIZATION_LEVEL = "-O";
				VALIDATE_PRODUCT = YES;
			};
			name = Release;
		};
		BCD303FC272D741000250513 /* Debug */ = {
			isa = XCBuildConfiguration;
			buildSettings = {
				ASSETCATALOG_COMPILER_APPICON_NAME = AppIcon;
				ASSETCATALOG_COMPILER_GLOBAL_ACCENT_COLOR_NAME = AccentColor;
				CODE_SIGN_STYLE = Automatic;
				CURRENT_PROJECT_VERSION = 1;
				DEVELOPMENT_TEAM = 5S8HZ77935;
				GENERATE_INFOPLIST_FILE = YES;
				INFOPLIST_FILE = WeatherStories/Info.plist;
				INFOPLIST_KEY_UIApplicationSupportsIndirectInputEvents = YES;
				INFOPLIST_KEY_UILaunchStoryboardName = LaunchScreen;
				INFOPLIST_KEY_UIMainStoryboardFile = Main;
				INFOPLIST_KEY_UISupportedInterfaceOrientations_iPad = "UIInterfaceOrientationPortrait UIInterfaceOrientationPortraitUpsideDown UIInterfaceOrientationLandscapeLeft UIInterfaceOrientationLandscapeRight";
				INFOPLIST_KEY_UISupportedInterfaceOrientations_iPhone = "UIInterfaceOrientationPortrait UIInterfaceOrientationLandscapeLeft UIInterfaceOrientationLandscapeRight";
				LD_RUNPATH_SEARCH_PATHS = (
					"$(inherited)",
					"@executable_path/Frameworks",
				);
				MARKETING_VERSION = 1.0;
				PRODUCT_BUNDLE_IDENTIFIER = TheRobins.WeatherStories;
				PRODUCT_NAME = "$(TARGET_NAME)";
				SWIFT_EMIT_LOC_STRINGS = YES;
				SWIFT_VERSION = 5.0;
				TARGETED_DEVICE_FAMILY = "1,2";
			};
			name = Debug;
		};
		BCD303FD272D741000250513 /* Release */ = {
			isa = XCBuildConfiguration;
			buildSettings = {
				ASSETCATALOG_COMPILER_APPICON_NAME = AppIcon;
				ASSETCATALOG_COMPILER_GLOBAL_ACCENT_COLOR_NAME = AccentColor;
				CODE_SIGN_STYLE = Automatic;
				CURRENT_PROJECT_VERSION = 1;
				DEVELOPMENT_TEAM = 5S8HZ77935;
				GENERATE_INFOPLIST_FILE = YES;
				INFOPLIST_FILE = WeatherStories/Info.plist;
				INFOPLIST_KEY_UIApplicationSupportsIndirectInputEvents = YES;
				INFOPLIST_KEY_UILaunchStoryboardName = LaunchScreen;
				INFOPLIST_KEY_UIMainStoryboardFile = Main;
				INFOPLIST_KEY_UISupportedInterfaceOrientations_iPad = "UIInterfaceOrientationPortrait UIInterfaceOrientationPortraitUpsideDown UIInterfaceOrientationLandscapeLeft UIInterfaceOrientationLandscapeRight";
				INFOPLIST_KEY_UISupportedInterfaceOrientations_iPhone = "UIInterfaceOrientationPortrait UIInterfaceOrientationLandscapeLeft UIInterfaceOrientationLandscapeRight";
				LD_RUNPATH_SEARCH_PATHS = (
					"$(inherited)",
					"@executable_path/Frameworks",
				);
				MARKETING_VERSION = 1.0;
				PRODUCT_BUNDLE_IDENTIFIER = TheRobins.WeatherStories;
				PRODUCT_NAME = "$(TARGET_NAME)";
				SWIFT_EMIT_LOC_STRINGS = YES;
				SWIFT_VERSION = 5.0;
				TARGETED_DEVICE_FAMILY = "1,2";
			};
			name = Release;
		};
/* End XCBuildConfiguration section */

/* Begin XCConfigurationList section */
		BCD303DF272D740F00250513 /* Build configuration list for PBXProject "WeatherStories" */ = {
			isa = XCConfigurationList;
			buildConfigurations = (
				BCD303F9272D741000250513 /* Debug */,
				BCD303FA272D741000250513 /* Release */,
			);
			defaultConfigurationIsVisible = 0;
			defaultConfigurationName = Release;
		};
		BCD303FB272D741000250513 /* Build configuration list for PBXNativeTarget "WeatherStories" */ = {
			isa = XCConfigurationList;
			buildConfigurations = (
				BCD303FC272D741000250513 /* Debug */,
				BCD303FD272D741000250513 /* Release */,
			);
			defaultConfigurationIsVisible = 0;
			defaultConfigurationName = Release;
		};
/* End XCConfigurationList section */

/* Begin XCVersionGroup section */
		BCD303F0272D740F00250513 /* WeatherStories.xcdatamodeld */ = {
			isa = XCVersionGroup;
			children = (
				BCD303F1272D740F00250513 /* WeatherStories.xcdatamodel */,
			);
			currentVersion = BCD303F1272D740F00250513 /* WeatherStories.xcdatamodel */;
			path = WeatherStories.xcdatamodeld;
			sourceTree = "<group>";
			versionGroupType = wrapper.xcdatamodel;
		};
/* End XCVersionGroup section */
	};
	rootObject = BCD303DC272D740F00250513 /* Project object */;
}
